{
  "name": "rtmpserver",
  "version": "1.0.0",
  "lockfileVersion": 1,
  "requires": true,
  "dependencies": {
    "node-media-server": {
      "version": "1.4.9",
      "resolved": "https://registry.npmjs.org/node-media-server/-/node-media-server-1.4.9.tgz",
      "integrity": "sha512-lqWtbJDaL9DEJrRAdyMcwvsaJ1SFn23vDu6gItk0t6x1Y4GTVDRXl3R/VHqV6mpSFioi3qeacPkxCJIorbN83g=="
    }
  }
}
